
Microsoft Visual Studio Solution File, Format Version 12.00
# Visual Studio Version 16
VisualStudioVersion = 16.0.31613.86
MinimumVisualStudioVersion = 10.0.40219.1
Project("{8BC9CEB8-8B4A-11D0-8D11-00A0C91BC942}") = "Project2", "Project2.vcxproj", "{49C587F3-786B-4B4E-9251-0959FF8169FB}"
EndProject
Project("{8BC9CEB8-8B4A-11D0-8D11-00A0C91BC942}") = "Tests2", "..\Tests2\Tests2.vcxproj", "{488DFA69-2F24-41DF-B811-950C3723DD6C}"
EndProject
Project("{8BC9CEB8-8B4A-11D0-8D11-00A0C91BC942}") = "Klient", "..\Klient\Klient.vcxproj", "{43972629-0DC0-4C38-820E-2F810ADCB7CE}"
EndProject
Global
	GlobalSection(SolutionConfigurationPlatforms) = preSolution
		Debug|x64 = Debug|x64
		Debug|x86 = Debug|x86
		Release|x64 = Release|x64
		Release|x86 = Release|x86
	EndGlobalSection
	GlobalSection(ProjectConfigurationPlatforms) = postSolution
		{49C587F3-786B-4B4E-9251-0959FF8169FB}.Debug|x64.ActiveCfg = Debug|x64
		{49C587F3-786B-4B4E-9251-0959FF8169FB}.Debug|x64.Build.0 = Debug|x64
		{49C587F3-786B-4B4E-9251-0959FF8169FB}.Debug|x86.ActiveCfg = Debug|Win32
		{49C587F3-786B-4B4E-9251-0959FF8169FB}.Debug|x86.Build.0 = Debug|Win32
		{49C587F3-786B-4B4E-9251-0959FF8169FB}.Release|x64.ActiveCfg = Release|x64
		{49C587F3-786B-4B4E-9251-0959FF8169FB}.Release|x64.Build.0 = Release|x64
		{49C587F3-786B-4B4E-9251-0959FF8169FB}.Release|x86.ActiveCfg = Release|Win32
		{49C587F3-786B-4B4E-9251-0959FF8169FB}.Release|x86.Build.0 = Release|Win32
		{488DFA69-2F24-41DF-B811-950C3723DD6C}.Debug|x64.ActiveCfg = Debug|x64
		{488DFA69-2F24-41DF-B811-950C3723DD6C}.Debug|x64.Build.0 = Debug|x64
		{488DFA69-2F24-41DF-B811-950C3723DD6C}.Debug|x86.ActiveCfg = Debug|Win32
		{488DFA69-2F24-41DF-B811-950C3723DD6C}.Debug|x86.Build.0 = Debug|Win32
		{488DFA69-2F24-41DF-B811-950C3723DD6C}.Release|x64.ActiveCfg = Release|x64
		{488DFA69-2F24-41DF-B811-950C3723DD6C}.Release|x64.Build.0 = Release|x64
		{488DFA69-2F24-41DF-B811-950C3723DD6C}.Release|x86.ActiveCfg = Release|Win32
		{488DFA69-2F24-41DF-B811-950C3723DD6C}.Release|x86.Build.0 = Release|Win32
		{43972629-0DC0-4C38-820E-2F810ADCB7CE}.Debug|x64.ActiveCfg = Debug|x64
		{43972629-0DC0-4C38-820E-2F810ADCB7CE}.Debug|x64.Build.0 = Debug|x64
		{43972629-0DC0-4C38-820E-2F810ADCB7CE}.Debug|x86.ActiveCfg = Debug|Win32
		{43972629-0DC0-4C38-820E-2F810ADCB7CE}.Debug|x86.Build.0 = Debug|Win32
		{43972629-0DC0-4C38-820E-2F810ADCB7CE}.Release|x64.ActiveCfg = Release|x64
		{43972629-0DC0-4C38-820E-2F810ADCB7CE}.Release|x64.Build.0 = Release|x64
		{43972629-0DC0-4C38-820E-2F810ADCB7CE}.Release|x86.ActiveCfg = Release|Win32
		{43972629-0DC0-4C38-820E-2F810ADCB7CE}.Release|x86.Build.0 = Release|Win32
	EndGlobalSection
	GlobalSection(SolutionProperties) = preSolution
		HideSolutionNode = FALSE
	EndGlobalSection
	GlobalSection(ExtensibilityGlobals) = postSolution
		SolutionGuid = {E6715F93-213A-4502-A933-CD7B1646D022}
	EndGlobalSection
EndGlobal
